// !$*UTF8*$!
{
	archiveVersion = 1;
	classes = {
	};
	objectVersion = 46;
	objects = {

/* Begin PBXBuildFile section */
		1B1BA6AA1C9A673D0043F0D2 /* main.m in Sources */ = {isa = PBXBuildFile; fileRef = 1B1BA6A91C9A673D0043F0D2 /* main.m */; };
		1B1BA6AD1C9A673D0043F0D2 /* AppDelegate.m in Sources */ = {isa = PBXBuildFile; fileRef = 1B1BA6AC1C9A673D0043F0D2 /* AppDelegate.m */; };
		1B1BA6B01C9A673D0043F0D2 /* ViewController.m in Sources */ = {isa = PBXBuildFile; fileRef = 1B1BA6AF1C9A673D0043F0D2 /* ViewController.m */; };
		1B1BA6B31C9A673D0043F0D2 /* Main.storyboard in Resources */ = {isa = PBXBuildFile; fileRef = 1B1BA6B11C9A673D0043F0D2 /* Main.storyboard */; };
		1B1BA6B51C9A673D0043F0D2 /* Assets.xcassets in Resources */ = {isa = PBXBuildFile; fileRef = 1B1BA6B41C9A673D0043F0D2 /* Assets.xcassets */; };
		1B1BA6B81C9A673D0043F0D2 /* LaunchScreen.storyboard in Resources */ = {isa = PBXBuildFile; fileRef = 1B1BA6B61C9A673D0043F0D2 /* LaunchScreen.storyboard */; };
		1B1BA6C61C9A69000043F0D2 /* BPPhotoLayout.m in Sources */ = {isa = PBXBuildFile; fileRef = 1B1BA6C51C9A69000043F0D2 /* BPPhotoLayout.m */; };
		1B1BA6C91C9A6E430043F0D2 /* BPPhotoBrowserCell.m in Sources */ = {isa = PBXBuildFile; fileRef = 1B1BA6C81C9A6E430043F0D2 /* BPPhotoBrowserCell.m */; };
/* End PBXBuildFile section */

/* Begin PBXFileReference section */
		1B1BA6A51C9A673D0043F0D2 /* BPPhotosBrowser.app */ = {isa = PBXFileReference; explicitFileType = wrapper.application; includeInIndex = 0; path = BPPhotosBrowser.app; sourceTree = BUILT_PRODUCTS_DIR; };
		1B1BA6A91C9A673D0043F0D2 /* main.m */ = {isa = PBXFileReference; lastKnownFileType = sourcecode.c.objc; path = main.m; sourceTree = "<group>"; };
		1B1BA6AB1C9A673D0043F0D2 /* AppDelegate.h */ = {isa = PBXFileReference; lastKnownFileType = sourcecode.c.h; path = AppDelegate.h; sourceTree = "<group>"; };
		1B1BA6AC1C9A673D0043F0D2 /* AppDelegate.m */ = {isa = PBXFileReference; lastKnownFileType = sourcecode.c.objc; path = AppDelegate.m; sourceTree = "<group>"; };
		1B1BA6AE1C9A673D0043F0D2 /* ViewController.h */ = {isa = PBXFileReference; lastKnownFileType = sourcecode.c.h; path = ViewController.h; sourceTree = "<group>"; };
		1B1BA6AF1C9A673D0043F0D2 /* ViewController.m */ = {isa = PBXFileReference; lastKnownFileType = sourcecode.c.objc; path = ViewController.m; sourceTree = "<group>"; };
		1B1BA6B21C9A673D0043F0D2 /* Base */ = {isa = PBXFileReference; lastKnownFileType = file.storyboard; name = Base; path = Base.lproj/Main.storyboard; sourceTree = "<group>"; };
		1B1BA6B41C9A673D0043F0D2 /* Assets.xcassets */ = {isa = PBXFileReference; lastKnownFileType = folder.assetcatalog; path = Assets.xcassets; sourceTree = "<group>"; };
		1B1BA6B71C9A673D0043F0D2 /* Base */ = {isa = PBXFileReference; lastKnownFileType = file.storyboard; name = Base; path = Base.lproj/LaunchScreen.storyboard; sourceTree = "<group>"; };
		1B1BA6B91C9A673D0043F0D2 /* Info.plist */ = {isa = PBXFileReference; lastKnownFileType = text.plist.xml; path = Info.plist; sourceTree = "<group>"; };
		1B1BA6C41C9A69000043F0D2 /* BPPhotoLayout.h */ = {isa = PBXFileReference; fileEncoding = 4; lastKnownFileType = sourcecode.c.h; path = BPPhotoLayout.h; sourceTree = "<group>"; };
		1B1BA6C51C9A69000043F0D2 /* BPPhotoLayout.m */ = {isa = PBXFileReference; fileEncoding = 4; lastKnownFileType = sourcecode.c.objc; path = BPPhotoLayout.m; sourceTree = "<group>"; };
		1B1BA6C71C9A6E430043F0D2 /* BPPhotoBrowserCell.h */ = {isa = PBXFileReference; fileEncoding = 4; lastKnownFileType = sourcecode.c.h; path = BPPhotoBrowserCell.h; sourceTree = "<group>"; };
		1B1BA6C81C9A6E430043F0D2 /* BPPhotoBrowserCell.m */ = {isa = PBXFileReference; fileEncoding = 4; lastKnownFileType = sourcecode.c.objc; path = BPPhotoBrowserCell.m; sourceTree = "<group>"; };
/* End PBXFileReference section */

/* Begin PBXFrameworksBuildPhase section */
		1B1BA6A21C9A673D0043F0D2 /* Frameworks */ = {
			isa = PBXFrameworksBuildPhase;
			buildActionMask = 2147483647;
			files = (
			);
			runOnlyForDeploymentPostprocessing = 0;
		};
/* End PBXFrameworksBuildPhase section */

/* Begin PBXGroup section */
		1B1BA69C1C9A673D0043F0D2 = {
			isa = PBXGroup;
			children = (
				1B1BA6A71C9A673D0043F0D2 /* BPPhotosBrowser */,
				1B1BA6A61C9A673D0043F0D2 /* Products */,
			);
			sourceTree = "<group>";
		};
		1B1BA6A61C9A673D0043F0D2 /* Products */ = {
			isa = PBXGroup;
			children = (
				1B1BA6A51C9A673D0043F0D2 /* BPPhotosBrowser.app */,
			);
			name = Products;
			sourceTree = "<group>";
		};
		1B1BA6A71C9A673D0043F0D2 /* BPPhotosBrowser */ = {
			isa = PBXGroup;
			children = (
				1B1BA6BF1C9A67BF0043F0D2 /* Classes */,
				1B1BA6B41C9A673D0043F0D2 /* Assets.xcassets */,
				1B1BA6A81C9A673D0043F0D2 /* Supporting Files */,
			);
			path = BPPhotosBrowser;
			sourceTree = "<group>";
		};
		1B1BA6A81C9A673D0043F0D2 /* Supporting Files */ = {
			isa = PBXGroup;
			children = (
				1B1BA6A91C9A673D0043F0D2 /* main.m */,
			);
			name = "Supporting Files";
			sourceTree = "<group>";
		};
		1B1BA6BF1C9A67BF0043F0D2 /* Classes */ = {
			isa = PBXGroup;
			children = (
				1B1BA6C31C9A68320043F0D2 /* others */,
				1B1BA6C21C9A67DF0043F0D2 /* Controller */,
				1B1BA6C11C9A67D80043F0D2 /* View */,
				1B1BA6C01C9A67D00043F0D2 /* Model */,
			);
			name = Classes;
			sourceTree = "<group>";
		};
		1B1BA6C01C9A67D00043F0D2 /* Model */ = {
			isa = PBXGroup;
			children = (
			);
			name = Model;
			sourceTree = "<group>";
		};
		1B1BA6C11C9A67D80043F0D2 /* View */ = {
			isa = PBXGroup;
			children = (
				1B1BA6C71C9A6E430043F0D2 /* BPPhotoBrowserCell.h */,
				1B1BA6C81C9A6E430043F0D2 /* BPPhotoBrowserCell.m */,
			);
			name = View;
			sourceTree = "<group>";
		};
		1B1BA6C21C9A67DF0043F0D2 /* Controller */ = {
			isa = PBXGroup;
			children = (
				1B1BA6B11C9A673D0043F0D2 /* Main.storyboard */,
				1B1BA6AE1C9A673D0043F0D2 /* ViewController.h */,
				1B1BA6AF1C9A673D0043F0D2 /* ViewController.m */,
				1B1BA6C41C9A69000043F0D2 /* BPPhotoLayout.h */,
				1B1BA6C51C9A69000043F0D2 /* BPPhotoLayout.m */,
			);
			name = Controller;
			sourceTree = "<group>";
		};
		1B1BA6C31C9A68320043F0D2 /* others */ = {
			isa = PBXGroup;
			children = (
				1B1BA6AB1C9A673D0043F0D2 /* AppDelegate.h */,
				1B1BA6AC1C9A673D0043F0D2 /* AppDelegate.m */,
				1B1BA6B61C9A673D0043F0D2 /* LaunchScreen.storyboard */,
				1B1BA6B91C9A673D0043F0D2 /* Info.plist */,
			);
			name = others;
			sourceTree = "<group>";
		};
/* End PBXGroup section */

/* Begin PBXNativeTarget section */
		1B1BA6A41C9A673D0043F0D2 /* BPPhotosBrowser */ = {
			isa = PBXNativeTarget;
			buildConfigurationList = 1B1BA6BC1C9A673E0043F0D2 /* Build configuration list for PBXNativeTarget "BPPhotosBrowser" */;
			buildPhases = (
				1B1BA6A11C9A673D0043F0D2 /* Sources */,
				1B1BA6A21C9A673D0043F0D2 /* Frameworks */,
				1B1BA6A31C9A673D0043F0D2 /* Resources */,
			);
			buildRules = (
			);
			dependencies = (
			);
			name = BPPhotosBrowser;
			productName = BPPhotosBrowser;
			productReference = 1B1BA6A51C9A673D0043F0D2 /* BPPhotosBrowser.app */;
			productType = "com.apple.product-type.application";
		};
/* End PBXNativeTarget section */

/* Begin PBXProject section */
		1B1BA69D1C9A673D0043F0D2 /* Project object */ = {
			isa = PBXProject;
			attributes = {
				CLASSPREFIX = BP;
				LastUpgradeCheck = 0720;
				ORGANIZATIONNAME = BP;
				TargetAttributes = {
					1B1BA6A41C9A673D0043F0D2 = {
						CreatedOnToolsVersion = 7.2.1;
					};
				};
			};
			buildConfigurationList = 1B1BA6A01C9A673D0043F0D2 /* Build configuration list for PBXProject "BPPhotosBrowser" */;
			compatibilityVersion = "Xcode 3.2";
			developmentRegion = English;
			hasScannedForEncodings = 0;
			knownRegions = (
				en,
				Base,
			);
			mainGroup = 1B1BA69C1C9A673D0043F0D2;
			productRefGroup = 1B1BA6A61C9A673D0043F0D2 /* Products */;
			projectDirPath = "";
			projectRoot = "";
			targets = (
				1B1BA6A41C9A673D0043F0D2 /* BPPhotosBrowser */,
			);
		};
/* End PBXProject section */

/* Begin PBXResourcesBuildPhase section */
		1B1BA6A31C9A673D0043F0D2 /* Resources */ = {
			isa = PBXResourcesBuildPhase;
			buildActionMask = 2147483647;
			files = (
				1B1BA6B81C9A673D0043F0D2 /* LaunchScreen.storyboard in Resources */,
				1B1BA6B51C9A673D0043F0D2 /* Assets.xcassets in Resources */,
				1B1BA6B31C9A673D0043F0D2 /* Main.storyboard in Resources */,
			);
			runOnlyForDeploymentPostprocessing = 0;
		};
/* End PBXResourcesBuildPhase section */

/* Begin PBXSourcesBuildPhase section */
		1B1BA6A11C9A673D0043F0D2 /* Sources */ = {
			isa = PBXSourcesBuildPhase;
			buildActionMask = 2147483647;
			files = (
				1B1BA6C61C9A69000043F0D2 /* BPPhotoLayout.m in Sources */,
				1B1BA6B01C9A673D0043F0D2 /* ViewController.m in Sources */,
				1B1BA6AD1C9A673D0043F0D2 /* AppDelegate.m in Sources */,
				1B1BA6C91C9A6E430043F0D2 /* BPPhotoBrowserCell.m in Sources */,
				1B1BA6AA1C9A673D0043F0D2 /* main.m in Sources */,
			);
			runOnlyForDeploymentPostprocessing = 0;
		};
/* End PBXSourcesBuildPhase section */

/* Begin PBXVariantGroup section */
		1B1BA6B11C9A673D0043F0D2 /* Main.storyboard */ = {
			isa = PBXVariantGroup;
			children = (
				1B1BA6B21C9A673D0043F0D2 /* Base */,
			);
			name = Main.storyboard;
			sourceTree = "<group>";
		};
		1B1BA6B61C9A673D0043F0D2 /* LaunchScreen.storyboard */ = {
			isa = PBXVariantGroup;
			children = (
				1B1BA6B71C9A673D0043F0D2 /* Base */,
			);
			name = LaunchScreen.storyboard;
			sourceTree = "<group>";
		};
/* End PBXVariantGroup section */

/* Begin XCBuildConfiguration section */
		1B1BA6BA1C9A673D0043F0D2 /* Debug */ = {
			isa = XCBuildConfiguration;
			buildSettings = {
				ALWAYS_SEARCH_USER_PATHS = NO;
				CLANG_CXX_LANGUAGE_STANDARD = "gnu++0x";
				CLANG_CXX_LIBRARY = "libc++";
				CLANG_ENABLE_MODULES = YES;
				CLANG_ENABLE_OBJC_ARC = YES;
				CLANG_WARN_BOOL_CONVERSION = YES;
				CLANG_WARN_CONSTANT_CONVERSION = YES;
				CLANG_WARN_DIRECT_OBJC_ISA_USAGE = YES_ERROR;
				CLANG_WARN_EMPTY_BODY = YES;
				CLANG_WARN_ENUM_CONVERSION = YES;
				CLANG_WARN_INT_CONVERSION = YES;
				CLANG_WARN_OBJC_ROOT_CLASS = YES_ERROR;
				CLANG_WARN_UNREACHABLE_CODE = YES;
				CLANG_WARN__DUPLICATE_METHOD_MATCH = YES;
				"CODE_SIGN_IDENTITY[sdk=iphoneos*]" = "iPhone Developer";
				COPY_PHASE_STRIP = NO;
				DEBUG_INFORMATION_FORMAT = dwarf;
				ENABLE_STRICT_OBJC_MSGSEND = YES;
				ENABLE_TESTABILITY = YES;
				GCC_C_LANGUAGE_STANDARD = gnu99;
				GCC_DYNAMIC_NO_PIC = NO;
				GCC_NO_COMMON_BLOCKS = YES;
				GCC_OPTIMIZATION_LEVEL = 0;
				GCC_PREPROCESSOR_DEFINITIONS = (
					"DEBUG=1",
					"$(inherited)",
				);
				GCC_WARN_64_TO_32_BIT_CONVERSION = YES;
				GCC_WARN_ABOUT_RETURN_TYPE = YES_ERROR;
				GCC_WARN_UNDECLARED_SELECTOR = YES;
				GCC_WARN_UNINITIALIZED_AUTOS = YES_AGGRESSIVE;
				GCC_WARN_UNUSED_FUNCTION = YES;
				GCC_WARN_UNUSED_VARIABLE = YES;
				IPHONEOS_DEPLOYMENT_TARGET = 9.2;
				MTL_ENABLE_DEBUG_INFO = YES;
				ONLY_ACTIVE_ARCH = YES;
				SDKROOT = iphoneos;
			};
			name = Debug;
		};
		1B1BA6BB1C9A673D0043F0D2 /* Release */ = {
			isa = XCBuildConfiguration;
			buildSettings = {
				ALWAYS_SEARCH_USER_PATHS = NO;
				CLANG_CXX_LANGUAGE_STANDARD = "gnu++0x";
				CLANG_CXX_LIBRARY = "libc++";
				CLANG_ENABLE_MODULES = YES;
				CLANG_ENABLE_OBJC_ARC = YES;
				CLANG_WARN_BOOL_CONVERSION = YES;
				CLANG_WARN_CONSTANT_CONVERSION = YES;
				CLANG_WARN_DIRECT_OBJC_ISA_USAGE = YES_ERROR;
				CLANG_WARN_EMPTY_BODY = YES;
				CLANG_WARN_ENUM_CONVERSION = YES;
				CLANG_WARN_INT_CONVERSION = YES;
				CLANG_WARN_OBJC_ROOT_CLASS = YES_ERROR;
				CLANG_WARN_UNREACHABLE_CODE = YES;
				CLANG_WARN__DUPLICATE_METHOD_MATCH = YES;
				"CODE_SIGN_IDENTITY[sdk=iphoneos*]" = "iPhone Developer";
				COPY_PHASE_STRIP = NO;
				DEBUG_INFORMATION_FORMAT = "dwarf-with-dsym";
				ENABLE_NS_ASSERTIONS = NO;
				ENABLE_STRICT_OBJC_MSGSEND = YES;
				GCC_C_LANGUAGE_STANDARD = gnu99;
				GCC_NO_COMMON_BLOCKS = YES;
				GCC_WARN_64_TO_32_BIT_CONVERSION = YES;
				GCC_WARN_ABOUT_RETURN_TYPE = YES_ERROR;
				GCC_WARN_UNDECLARED_SELECTOR = YES;
				GCC_WARN_UNINITIALIZED_AUTOS = YES_AGGRESSIVE;
				GCC_WARN_UNUSED_FUNCTION = YES;
				GCC_WARN_UNUSED_VARIABLE = YES;
				IPHONEOS_DEPLOYMENT_TARGET = 9.2;
				MTL_ENABLE_DEBUG_INFO = NO;
				SDKROOT = iphoneos;
				VALIDATE_PRODUCT = YES;
			};
			name = Release;
		};
		1B1BA6BD1C9A673E0043F0D2 /* Debug */ = {
			isa = XCBuildConfiguration;
			buildSettings = {
				ASSETCATALOG_COMPILER_APPICON_NAME = AppIcon;
				INFOPLIST_FILE = BPPhotosBrowser/Info.plist;
				LD_RUNPATH_SEARCH_PATHS = "$(inherited) @executable_path/Frameworks";
				PRODUCT_BUNDLE_IDENTIFIER = com.bp.test.BPPhotosBrowser;
				PRODUCT_NAME = "$(TARGET_NAME)";
			};
			name = Debug;
		};
		1B1BA6BE1C9A673E0043F0D2 /* Release */ = {
			isa = XCBuildConfiguration;
			buildSettings = {
				ASSETCATALOG_COMPILER_APPICON_NAME = AppIcon;
				INFOPLIST_FILE = BPPhotosBrowser/Info.plist;
				LD_RUNPATH_SEARCH_PATHS = "$(inherited) @executable_path/Frameworks";
				PRODUCT_BUNDLE_IDENTIFIER = com.bp.test.BPPhotosBrowser;
				PRODUCT_NAME = "$(TARGET_NAME)";
			};
			name = Release;
		};
/* End XCBuildConfiguration section */

/* Begin XCConfigurationList section */
		1B1BA6A01C9A673D0043F0D2 /* Build configuration list for PBXProject "BPPhotosBrowser" */ = {
			isa = XCConfigurationList;
			buildConfigurations = (
				1B1BA6BA1C9A673D0043F0D2 /* Debug */,
				1B1BA6BB1C9A673D0043F0D2 /* Release */,
			);
			defaultConfigurationIsVisible = 0;
			defaultConfigurationName = Release;
		};
		1B1BA6BC1C9A673E0043F0D2 /* Build configuration list for PBXNativeTarget "BPPhotosBrowser" */ = {
			isa = XCConfigurationList;
			buildConfigurations = (
				1B1BA6BD1C9A673E0043F0D2 /* Debug */,
				1B1BA6BE1C9A673E0043F0D2 /* Release */,
			);
			defaultConfigurationIsVisible = 0;
		};
/* End XCConfigurationList section */
	};
	rootObject = 1B1BA69D1C9A673D0043F0D2 /* Project object */;
}
